
Microsoft Visual Studio Solution File, Format Version 12.00
# Visual Studio 2013
Project("{8BC9CEB8-8B4A-11D0-8D11-00A0C91BC942}") = "lma2root", "Projekt\lma2root.vcxproj", "{624D824A-5AA3-422A-9DAB-5557E67A1DE2}"
EndProject
Global
	GlobalSection(SolutionConfigurationPlatforms) = preSolution
		AchimsSourceDebug|Win32 = AchimsSourceDebug|Win32
		AchimsSourceRelease|Win32 = AchimsSourceRelease|Win32
		Debug|Win32 = Debug|Win32
		Release|Win32 = Release|Win32
	EndGlobalSection
	GlobalSection(ProjectConfigurationPlatforms) = postSolution
		{624D824A-5AA3-422A-9DAB-5557E67A1DE2}.AchimsSourceDebug|Win32.ActiveCfg = AchimsSourceDebug|Win32
		{624D824A-5AA3-422A-9DAB-5557E67A1DE2}.AchimsSourceDebug|Win32.Build.0 = AchimsSourceDebug|Win32
		{624D824A-5AA3-422A-9DAB-5557E67A1DE2}.AchimsSourceRelease|Win32.ActiveCfg = AchimsSourceRelease|Win32
		{624D824A-5AA3-422A-9DAB-5557E67A1DE2}.AchimsSourceRelease|Win32.Build.0 = AchimsSourceRelease|Win32
		{624D824A-5AA3-422A-9DAB-5557E67A1DE2}.Debug|Win32.ActiveCfg = Debug|Win32
		{624D824A-5AA3-422A-9DAB-5557E67A1DE2}.Debug|Win32.Build.0 = Debug|Win32
		{624D824A-5AA3-422A-9DAB-5557E67A1DE2}.Release|Win32.ActiveCfg = Release|Win32
		{624D824A-5AA3-422A-9DAB-5557E67A1DE2}.Release|Win32.Build.0 = Release|Win32
	EndGlobalSection
	GlobalSection(SolutionProperties) = preSolution
		HideSolutionNode = FALSE
	EndGlobalSection
EndGlobal
