<?xml version="1.0" encoding="utf-8"?>
<Project ToolsVersion="4.0" xmlns="http://schemas.microsoft.com/developer/msbuild/2003">
  <ItemGroup>
    <Filter Include="Source Files">
      <UniqueIdentifier>{4FC737F1-C7A5-4376-A066-2A32D752A2FF}</UniqueIdentifier>
      <Extensions>cpp;c;cxx;def;odl;idl;hpj;bat;asm;asmx</Extensions>
    </Filter>
    <Filter Include="Header Files">
      <UniqueIdentifier>{93995380-89BD-4b04-88EB-625FBE52EBFB}</UniqueIdentifier>
      <Extensions>h;hpp;hxx;hm;inl;inc;xsd</Extensions>
    </Filter>
    <Filter Include="Dictionaries">
      <UniqueIdentifier>{a0b54d1c-7a24-4139-a662-33e4f3e808d2}</UniqueIdentifier>
    </Filter>
    <Filter Include="Dictionaries Class Headers">
      <UniqueIdentifier>{70b407e1-ab7a-4ac8-a746-80cfbb60d63e}</UniqueIdentifier>
    </Filter>
    <Filter Include="AchimsSource">
      <UniqueIdentifier>{79b95f49-df79-44ae-aecd-1f9cb6176d76}</UniqueIdentifier>
    </Filter>
  </ItemGroup>
  <ItemGroup>
    <ClCompile Include="..\MySignalAnalyzer\baselineCorrection.cpp">
      <Filter>Source Files</Filter>
    </ClCompile>
    <ClCompile Include="..\MyDetektorHitSorter\helperfunctionsforDetSorter.cpp">
      <Filter>Source Files</Filter>
    </ClCompile>
    <ClCompile Include="..\MySignalAnalyzer\helperfunctionsforSTDC.cpp">
      <Filter>Source Files</Filter>
    </ClCompile>
    <ClCompile Include="..\main.cpp">
      <Filter>Source Files</Filter>
    </ClCompile>
    <ClCompile Include="..\MyArchive\MyArchive.cpp">
      <Filter>Source Files</Filter>
    </ClCompile>
    <ClCompile Include="..\MyEvent\MySignalAnalyzedEvent\MySignalAnalyzedChannel\MyChannelSection.cpp">
      <Filter>Source Files</Filter>
    </ClCompile>
    <ClCompile Include="..\MyEvent\MySortedEvent\MyDetektor\MyDetektor.cpp">
      <Filter>Source Files</Filter>
    </ClCompile>
    <ClCompile Include="..\MyEvent\MySortedEvent\MyDetektor\MyDetektorHit.cpp">
      <Filter>Source Files</Filter>
    </ClCompile>
    <ClCompile Include="..\MyDetektorHitSorter\MyDetektorHitSorter.cpp">
      <Filter>Source Files</Filter>
    </ClCompile>
    <ClCompile Include="..\MyDetektorHitSorter\MyDetektorHitSorterAchim.cpp">
      <Filter>Source Files</Filter>
    </ClCompile>
    <ClCompile Include="..\MyDetektorHitSorter\MyDetektorHitSorterAchimHex.cpp">
      <Filter>Source Files</Filter>
    </ClCompile>
    <ClCompile Include="..\MyDetektorHitSorter\MyDetektorHitSorterAchimQuad.cpp">
      <Filter>Source Files</Filter>
    </ClCompile>
    <ClCompile Include="..\MyDetektorHitSorter\MyDetektorHitSorterHex.cpp">
      <Filter>Source Files</Filter>
    </ClCompile>
    <ClCompile Include="..\MyDetektorHitSorter\MyDetektorHitSorterQuad.cpp">
      <Filter>Source Files</Filter>
    </ClCompile>
    <ClCompile Include="..\MyDetektorHitSorter\MyDetektorHitSorterSimple.cpp">
      <Filter>Source Files</Filter>
    </ClCompile>
    <ClCompile Include="..\MyEvent\MySortedEvent\MyDetektor\MyDetektorInfo.cpp">
      <Filter>Source Files</Filter>
    </ClCompile>
    <ClCompile Include="..\MyEventViewer\MyEventViewer.cpp">
      <Filter>Source Files</Filter>
    </ClCompile>
    <ClCompile Include="..\MyFileProcessor\MyFileProcessor.cpp">
      <Filter>Source Files</Filter>
    </ClCompile>
    <ClCompile Include="..\MyRootManager\MyHistos.cpp">
      <Filter>Source Files</Filter>
    </ClCompile>
    <ClCompile Include="..\MyEvent\MySortedEvent\MyDetektor\MyLayerProperty.cpp">
      <Filter>Source Files</Filter>
    </ClCompile>
    <ClCompile Include="..\MyEvent\MyOriginalEvent\MyOriginalChannel\MyOriginalChannel.cpp">
      <Filter>Source Files</Filter>
    </ClCompile>
    <ClCompile Include="..\MyEvent\MyOriginalEvent\MyOriginalChannel\MyOriginalChannelInfo.cpp">
      <Filter>Source Files</Filter>
    </ClCompile>
    <ClCompile Include="..\MyEvent\MyOriginalEvent\MyOriginalEvent.cpp">
      <Filter>Source Files</Filter>
    </ClCompile>
    <ClCompile Include="..\MyEvent\MyOriginalEvent\MyOriginalEventInfo.cpp">
      <Filter>Source Files</Filter>
    </ClCompile>
    <ClCompile Include="..\MyEvent\MySignalAnalyzedEvent\MyPeak\MyPeak.cpp">
      <Filter>Source Files</Filter>
    </ClCompile>
    <ClCompile Include="..\MyEvent\MyOriginalEvent\MyPuls\MyPuls.cpp">
      <Filter>Source Files</Filter>
    </ClCompile>
    <ClCompile Include="..\MyPulsHistoFiller\MyPulsHistoFiller.cpp">
      <Filter>Source Files</Filter>
    </ClCompile>
    <ClCompile Include="..\MyEvent\MySortedEvent\MyPunkt\MyPunkt.cpp">
      <Filter>Source Files</Filter>
    </ClCompile>
    <ClCompile Include="..\MyRootManager\MyRootManager.cpp">
      <Filter>Source Files</Filter>
    </ClCompile>
    <ClCompile Include="..\MySettings\MySettings.cpp">
      <Filter>Source Files</Filter>
    </ClCompile>
    <ClCompile Include="..\MyEvent\MySignalAnalyzedEvent\MySignalAnalyzedChannel\MySignalAnalyzedChannel.cpp">
      <Filter>Source Files</Filter>
    </ClCompile>
    <ClCompile Include="..\MyEvent\MySignalAnalyzedEvent\MySignalAnalyzedChannel\MySignalAnalyzedChannelInfo.cpp">
      <Filter>Source Files</Filter>
    </ClCompile>
    <ClCompile Include="..\MyEvent\MySignalAnalyzedEvent\MySignalAnalyzedEvent.cpp">
      <Filter>Source Files</Filter>
    </ClCompile>
    <ClCompile Include="..\MyEvent\MySignalAnalyzedEvent\MySignalAnalyzedEventInfo.cpp">
      <Filter>Source Files</Filter>
    </ClCompile>
    <ClCompile Include="..\MySignalAnalyzer\MySignalAnalyzer.cpp">
      <Filter>Source Files</Filter>
    </ClCompile>
    <ClCompile Include="..\MySignalAnalyzer\MySoftTDCCFD.cpp">
      <Filter>Source Files</Filter>
    </ClCompile>
    <ClCompile Include="..\MySignalAnalyzer\MySoftTDCCoM.cpp">
      <Filter>Source Files</Filter>
    </ClCompile>
    <ClCompile Include="..\MyEvent\MySortedEvent\MySortedEvent.cpp">
      <Filter>Source Files</Filter>
    </ClCompile>
    <ClCompile Include="..\MyEvent\MySortedEvent\MySortedEventInfo.cpp">
      <Filter>Source Files</Filter>
    </ClCompile>
    <ClCompile Include="..\MyEvent\MySortedEvent\MyDetektor\MyTimeRange.cpp">
      <Filter>Source Files</Filter>
    </ClCompile>
    <ClCompile Include="..\MyEvent\MySignalAnalyzedEvent\MyVoltage\MyVoltage.cpp">
      <Filter>Source Files</Filter>
    </ClCompile>
    <ClCompile Include="..\MyEvent\MySignalAnalyzedEvent\MySignalAnalyzedChannel\MyChannelSectionDict.cpp">
      <Filter>Dictionaries</Filter>
    </ClCompile>
    <ClCompile Include="..\MyEvent\MySortedEvent\MyDetektor\MyDetektorDict.cpp">
      <Filter>Dictionaries</Filter>
    </ClCompile>
    <ClCompile Include="..\MyEvent\MySortedEvent\MyDetektor\MyDetektorHitDict.cpp">
      <Filter>Dictionaries</Filter>
    </ClCompile>
    <ClCompile Include="..\MyEvent\MySortedEvent\MyDetektor\MyDetektorInfoDict.cpp">
      <Filter>Dictionaries</Filter>
    </ClCompile>
    <ClCompile Include="..\MyEvent\MySortedEvent\MyDetektor\MyLayerPropertyDict.cpp">
      <Filter>Dictionaries</Filter>
    </ClCompile>
    <ClCompile Include="..\MyEvent\MyOriginalEvent\MyOriginalChannel\MyOriginalChannelDict.cpp">
      <Filter>Dictionaries</Filter>
    </ClCompile>
    <ClCompile Include="..\MyEvent\MyOriginalEvent\MyOriginalChannel\MyOriginalChannelInfoDict.cpp">
      <Filter>Dictionaries</Filter>
    </ClCompile>
    <ClCompile Include="..\MyEvent\MyOriginalEvent\MyOriginalEventDict.cpp">
      <Filter>Dictionaries</Filter>
    </ClCompile>
    <ClCompile Include="..\MyEvent\MyOriginalEvent\MyOriginalEventInfoDict.cpp">
      <Filter>Dictionaries</Filter>
    </ClCompile>
    <ClCompile Include="..\MyEvent\MySignalAnalyzedEvent\MyPeak\MyPeakDict.cpp">
      <Filter>Dictionaries</Filter>
    </ClCompile>
    <ClCompile Include="..\MyEvent\MyOriginalEvent\MyPuls\MyPulsDict.cpp">
      <Filter>Dictionaries</Filter>
    </ClCompile>
    <ClCompile Include="..\MyEvent\MySortedEvent\MyPunkt\MyPunktDict.cpp">
      <Filter>Dictionaries</Filter>
    </ClCompile>
    <ClCompile Include="..\MyEvent\MySignalAnalyzedEvent\MySignalAnalyzedChannel\MySignalAnalyzedChannelDict.cpp">
      <Filter>Dictionaries</Filter>
    </ClCompile>
    <ClCompile Include="..\MyEvent\MySignalAnalyzedEvent\MySignalAnalyzedChannel\MySignalAnalyzedChannelInfoDict.cpp">
      <Filter>Dictionaries</Filter>
    </ClCompile>
    <ClCompile Include="..\MyEvent\MySignalAnalyzedEvent\MySignalAnalyzedEventDict.cpp">
      <Filter>Dictionaries</Filter>
    </ClCompile>
    <ClCompile Include="..\MyEvent\MySignalAnalyzedEvent\MySignalAnalyzedEventInfoDict.cpp">
      <Filter>Dictionaries</Filter>
    </ClCompile>
    <ClCompile Include="..\MyEvent\MySortedEvent\MySortedEventDict.cpp">
      <Filter>Dictionaries</Filter>
    </ClCompile>
    <ClCompile Include="..\MyEvent\MySortedEvent\MySortedEventInfoDict.cpp">
      <Filter>Dictionaries</Filter>
    </ClCompile>
    <ClCompile Include="..\MyEvent\MySortedEvent\MyDetektor\MyTimeRangeDict.cpp">
      <Filter>Dictionaries</Filter>
    </ClCompile>
    <ClCompile Include="..\MyEvent\MySignalAnalyzedEvent\MyVoltage\MyVoltageDict.cpp">
      <Filter>Dictionaries</Filter>
    </ClCompile>
    <ClCompile Include="..\AchimsRoutineSources\double_array_class.cpp">
      <Filter>AchimsSource</Filter>
    </ClCompile>
    <ClCompile Include="..\AchimsRoutineSources\gaussfit_class.cpp">
      <Filter>AchimsSource</Filter>
    </ClCompile>
    <ClCompile Include="..\AchimsRoutineSources\hit_class.cpp">
      <Filter>AchimsSource</Filter>
    </ClCompile>
    <ClCompile Include="..\AchimsRoutineSources\interpolate_class.cpp">
      <Filter>AchimsSource</Filter>
    </ClCompile>
    <ClCompile Include="..\AchimsRoutineSources\nonlinearity_calibration_class.cpp">
      <Filter>AchimsSource</Filter>
    </ClCompile>
    <ClCompile Include="..\AchimsRoutineSources\profile_class.cpp">
      <Filter>AchimsSource</Filter>
    </ClCompile>
    <ClCompile Include="..\AchimsRoutineSources\scalefactors_calibration_class.cpp">
      <Filter>AchimsSource</Filter>
    </ClCompile>
    <ClCompile Include="..\AchimsRoutineSources\sort_class.cpp">
      <Filter>AchimsSource</Filter>
    </ClCompile>
    <ClCompile Include="..\AchimsRoutineSources\sum_walk_calibration_class.cpp">
      <Filter>AchimsSource</Filter>
    </ClCompile>
    <ClCompile Include="..\BinaryDump.cpp">
      <Filter>Source Files</Filter>
    </ClCompile>
  </ItemGroup>
  <ItemGroup>
    <ClInclude Include="..\MySignalAnalyzer\baselineCorrection.h">
      <Filter>Header Files</Filter>
    </ClInclude>
    <ClInclude Include="..\MyDetektorHitSorter\helperfunctionsforDetSorter.h">
      <Filter>Header Files</Filter>
    </ClInclude>
    <ClInclude Include="..\MySignalAnalyzer\helperfunctionsforSTDC.h">
      <Filter>Header Files</Filter>
    </ClInclude>
    <ClInclude Include="..\MyArchive\MyArchive.h">
      <Filter>Header Files</Filter>
    </ClInclude>
    <ClInclude Include="..\MyDetektorHitSorter\MyDetektorHitSorter.h">
      <Filter>Header Files</Filter>
    </ClInclude>
    <ClInclude Include="..\MyDetektorHitSorter\MyDetektorHitSorterAchim.h">
      <Filter>Header Files</Filter>
    </ClInclude>
    <ClInclude Include="..\MyDetektorHitSorter\MyDetektorHitSorterAchimHex.h">
      <Filter>Header Files</Filter>
    </ClInclude>
    <ClInclude Include="..\MyDetektorHitSorter\MyDetektorHitSorterAchimQuad.h">
      <Filter>Header Files</Filter>
    </ClInclude>
    <ClInclude Include="..\MyDetektorHitSorter\MyDetektorHitSorterHex.h">
      <Filter>Header Files</Filter>
    </ClInclude>
    <ClInclude Include="..\MyDetektorHitSorter\MyDetektorHitSorterQuad.h">
      <Filter>Header Files</Filter>
    </ClInclude>
    <ClInclude Include="..\MyDetektorHitSorter\MyDetektorHitSorterSimple.h">
      <Filter>Header Files</Filter>
    </ClInclude>
    <ClInclude Include="..\MyEventViewer\MyEventViewer.h">
      <Filter>Header Files</Filter>
    </ClInclude>
    <ClInclude Include="..\MyFileProcessor\MyFileProcessor.h">
      <Filter>Header Files</Filter>
    </ClInclude>
    <ClInclude Include="..\MyRootManager\MyHistos.h">
      <Filter>Header Files</Filter>
    </ClInclude>
    <ClInclude Include="..\MyPulsHistoFiller\MyPulsHistoFiller.h">
      <Filter>Header Files</Filter>
    </ClInclude>
    <ClInclude Include="..\MyRootManager\MyRootManager.h">
      <Filter>Header Files</Filter>
    </ClInclude>
    <ClInclude Include="..\MySettings\MySettings.h">
      <Filter>Header Files</Filter>
    </ClInclude>
    <ClInclude Include="..\MySignalAnalyzer\MySignalAnalyzer.h">
      <Filter>Header Files</Filter>
    </ClInclude>
    <ClInclude Include="..\MySignalAnalyzer\MySoftTDC.h">
      <Filter>Header Files</Filter>
    </ClInclude>
    <ClInclude Include="..\MySignalAnalyzer\MySoftTDCCFD.h">
      <Filter>Header Files</Filter>
    </ClInclude>
    <ClInclude Include="..\MySignalAnalyzer\MySoftTDCCoM.h">
      <Filter>Header Files</Filter>
    </ClInclude>
    <ClInclude Include="..\BinaryDump.h">
      <Filter>Header Files</Filter>
    </ClInclude>
  </ItemGroup>
  <ItemGroup>
    <CustomBuildStep Include="..\AchimsRoutineSources\resort64c.h">
      <Filter>AchimsSource</Filter>
    </CustomBuildStep>
  </ItemGroup>
  <ItemGroup>
    <CustomBuild Include="..\MyEvent\MySignalAnalyzedEvent\MySignalAnalyzedChannel\MyChannelSection.h">
      <Filter>Dictionaries Class Headers</Filter>
    </CustomBuild>
    <CustomBuild Include="..\MyEvent\MySortedEvent\MyDetektor\MyDetektor.h">
      <Filter>Dictionaries Class Headers</Filter>
    </CustomBuild>
    <CustomBuild Include="..\MyEvent\MySortedEvent\MyDetektor\MyDetektorHit.h">
      <Filter>Dictionaries Class Headers</Filter>
    </CustomBuild>
    <CustomBuild Include="..\MyEvent\MySortedEvent\MyDetektor\MyDetektorInfo.h">
      <Filter>Dictionaries Class Headers</Filter>
    </CustomBuild>
    <CustomBuild Include="..\MyEvent\MySortedEvent\MyDetektor\MyLayerProperty.h">
      <Filter>Dictionaries Class Headers</Filter>
    </CustomBuild>
    <CustomBuild Include="..\MyEvent\MyOriginalEvent\MyOriginalChannel\MyOriginalChannel.h">
      <Filter>Dictionaries Class Headers</Filter>
    </CustomBuild>
    <CustomBuild Include="..\MyEvent\MyOriginalEvent\MyOriginalChannel\MyOriginalChannelInfo.h">
      <Filter>Dictionaries Class Headers</Filter>
    </CustomBuild>
    <CustomBuild Include="..\MyEvent\MyOriginalEvent\MyOriginalEvent.h">
      <Filter>Dictionaries Class Headers</Filter>
    </CustomBuild>
    <CustomBuild Include="..\MyEvent\MyOriginalEvent\MyOriginalEventInfo.h">
      <Filter>Dictionaries Class Headers</Filter>
    </CustomBuild>
    <CustomBuild Include="..\MyEvent\MySignalAnalyzedEvent\MyPeak\MyPeak.h">
      <Filter>Dictionaries Class Headers</Filter>
    </CustomBuild>
    <CustomBuild Include="..\MyEvent\MyOriginalEvent\MyPuls\MyPuls.h">
      <Filter>Dictionaries Class Headers</Filter>
    </CustomBuild>
    <CustomBuild Include="..\MyEvent\MySortedEvent\MyPunkt\MyPunkt.h">
      <Filter>Dictionaries Class Headers</Filter>
    </CustomBuild>
    <CustomBuild Include="..\MyEvent\MySignalAnalyzedEvent\MySignalAnalyzedChannel\MySignalAnalyzedChannel.h">
      <Filter>Dictionaries Class Headers</Filter>
    </CustomBuild>
    <CustomBuild Include="..\MyEvent\MySignalAnalyzedEvent\MySignalAnalyzedChannel\MySignalAnalyzedChannelInfo.h">
      <Filter>Dictionaries Class Headers</Filter>
    </CustomBuild>
    <CustomBuild Include="..\MyEvent\MySignalAnalyzedEvent\MySignalAnalyzedEvent.h">
      <Filter>Dictionaries Class Headers</Filter>
    </CustomBuild>
    <CustomBuild Include="..\MyEvent\MySignalAnalyzedEvent\MySignalAnalyzedEventInfo.h">
      <Filter>Dictionaries Class Headers</Filter>
    </CustomBuild>
    <CustomBuild Include="..\MyEvent\MySortedEvent\MySortedEvent.h">
      <Filter>Dictionaries Class Headers</Filter>
    </CustomBuild>
    <CustomBuild Include="..\MyEvent\MySortedEvent\MySortedEventInfo.h">
      <Filter>Dictionaries Class Headers</Filter>
    </CustomBuild>
    <CustomBuild Include="..\MyEvent\MySortedEvent\MyDetektor\MyTimeRange.h">
      <Filter>Dictionaries Class Headers</Filter>
    </CustomBuild>
    <CustomBuild Include="..\MyEvent\MySignalAnalyzedEvent\MyVoltage\MyVoltage.h">
      <Filter>Dictionaries Class Headers</Filter>
    </CustomBuild>
  </ItemGroup>
</Project>